
Microsoft Visual Studio Solution File, Format Version 12.00
# Visual Studio Version 16
VisualStudioVersion = 16.0.31702.278
MinimumVisualStudioVersion = 10.0.40219.1
Project("{8BC9CEB8-8B4A-11D0-8D11-00A0C91BC942}") = "Lab_3_2", "Lab_3_2\Lab_3_2.vcxproj", "{AFAE8B8C-0158-440C-A57B-926EDF3D6EC4}"
EndProject
Global
	GlobalSection(SolutionConfigurationPlatforms) = preSolution
		Debug|x64 = Debug|x64
		Debug|x86 = Debug|x86
		Release|x64 = Release|x64
		Release|x86 = Release|x86
	EndGlobalSection
	GlobalSection(ProjectConfigurationPlatforms) = postSolution
		{AFAE8B8C-0158-440C-A57B-926EDF3D6EC4}.Debug|x64.ActiveCfg = Debug|x64
		{AFAE8B8C-0158-440C-A57B-926EDF3D6EC4}.Debug|x64.Build.0 = Debug|x64
		{AFAE8B8C-0158-440C-A57B-926EDF3D6EC4}.Debug|x86.ActiveCfg = Debug|Win32
		{AFAE8B8C-0158-440C-A57B-926EDF3D6EC4}.Debug|x86.Build.0 = Debug|Win32
		{AFAE8B8C-0158-440C-A57B-926EDF3D6EC4}.Release|x64.ActiveCfg = Release|x64
		{AFAE8B8C-0158-440C-A57B-926EDF3D6EC4}.Release|x64.Build.0 = Release|x64
		{AFAE8B8C-0158-440C-A57B-926EDF3D6EC4}.Release|x86.ActiveCfg = Release|Win32
		{AFAE8B8C-0158-440C-A57B-926EDF3D6EC4}.Release|x86.Build.0 = Release|Win32
	EndGlobalSection
	GlobalSection(SolutionProperties) = preSolution
		HideSolutionNode = FALSE
	EndGlobalSection
	GlobalSection(ExtensibilityGlobals) = postSolution
		SolutionGuid = {A9E85027-5B70-4AE6-B477-DC90E7412EEE}
	EndGlobalSection
EndGlobal
